
Microsoft Visual Studio Solution File, Format Version 12.00
# Visual Studio Version 16
VisualStudioVersion = 16.0.30907.101
MinimumVisualStudioVersion = 10.0.40219.1
Project("{FAE04EC0-301F-11D3-BF4B-00C04F79EFBC}") = "Csharp_2021_ArraySummieren", "Csharp_2021_ArraySummieren\Csharp_2021_ArraySummieren.csproj", "{4DD81FA6-E628-47FE-A7B3-5E106E49564F}"
EndProject
Global
	GlobalSection(SolutionConfigurationPlatforms) = preSolution
		Debug|Any CPU = Debug|Any CPU
		Release|Any CPU = Release|Any CPU
	EndGlobalSection
	GlobalSection(ProjectConfigurationPlatforms) = postSolution
		{4DD81FA6-E628-47FE-A7B3-5E106E49564F}.Debug|Any CPU.ActiveCfg = Debug|Any CPU
		{4DD81FA6-E628-47FE-A7B3-5E106E49564F}.Debug|Any CPU.Build.0 = Debug|Any CPU
		{4DD81FA6-E628-47FE-A7B3-5E106E49564F}.Release|Any CPU.ActiveCfg = Release|Any CPU
		{4DD81FA6-E628-47FE-A7B3-5E106E49564F}.Release|Any CPU.Build.0 = Release|Any CPU
	EndGlobalSection
	GlobalSection(SolutionProperties) = preSolution
		HideSolutionNode = FALSE
	EndGlobalSection
	GlobalSection(ExtensibilityGlobals) = postSolution
		SolutionGuid = {3808E875-A159-4C91-8249-2E7BE5343B25}
	EndGlobalSection
EndGlobal
